Microsoft Visual Studio Solution File, Format Version 11.00
# Visual Studio 2008

Project("{36E2E0D7-2068-E567-E313-1D7A63F54750}") = "android_game_1", "Assembly-CSharp.csproj", "{FC8D7775-7C74-966D-15FE-309417A5B6E4}"
EndProject
Global
	GlobalSection(SolutionConfigurationPlatforms) = preSolution
		Debug|Any CPU = Debug|Any CPU
		Release|Any CPU = Release|Any CPU
	EndGlobalSection
	GlobalSection(ProjectConfigurationPlatforms) = postSolution
		{FC8D7775-7C74-966D-15FE-309417A5B6E4}.Debug|Any CPU.ActiveCfg = Debug|Any CPU
		{FC8D7775-7C74-966D-15FE-309417A5B6E4}.Debug|Any CPU.Build.0 = Debug|Any CPU
		{FC8D7775-7C74-966D-15FE-309417A5B6E4}.Release|Any CPU.ActiveCfg = Release|Any CPU
		{FC8D7775-7C74-966D-15FE-309417A5B6E4}.Release|Any CPU.Build.0 = Release|Any CPU
	EndGlobalSection
	GlobalSection(SolutionProperties) = preSolution
		HideSolutionNode = FALSE
	EndGlobalSection
	GlobalSection(MonoDevelopProperties) = preSolution
		StartupItem = Assembly-CSharp.csproj
	EndGlobalSection
EndGlobal
